// !$*UTF8*$!
{
	archiveVersion = 1;
	classes = {
	};
	objectVersion = 50;
	objects = {

/* Begin PBXBuildFile section */
		72087B78278E3B8A00CA590F /* AppDelegate.swift in Sources */ = {isa = PBXBuildFile; fileRef = 72087B77278E3B8A00CA590F /* AppDelegate.swift */; };
		72087B7A278E3B8A00CA590F /* SceneDelegate.swift in Sources */ = {isa = PBXBuildFile; fileRef = 72087B79278E3B8A00CA590F /* SceneDelegate.swift */; };
		72087B7C278E3B8A00CA590F /* ViewController.swift in Sources */ = {isa = PBXBuildFile; fileRef = 72087B7B278E3B8A00CA590F /* ViewController.swift */; };
		72087B7F278E3B8A00CA590F /* Main.storyboard in Resources */ = {isa = PBXBuildFile; fileRef = 72087B7D278E3B8A00CA590F /* Main.storyboard */; };
		72087B82278E3B8A00CA590F /* LoginTesting.xcdatamodeld in Sources */ = {isa = PBXBuildFile; fileRef = 72087B80278E3B8A00CA590F /* LoginTesting.xcdatamodeld */; };
		72087B84278E3B8B00CA590F /* Assets.xcassets in Resources */ = {isa = PBXBuildFile; fileRef = 72087B83278E3B8B00CA590F /* Assets.xcassets */; };
		72087B87278E3B8B00CA590F /* LaunchScreen.storyboard in Resources */ = {isa = PBXBuildFile; fileRef = 72087B85278E3B8B00CA590F /* LaunchScreen.storyboard */; };
		72087B8F278E3C0E00CA590F /* LoginTextField.swift in Sources */ = {isa = PBXBuildFile; fileRef = 72087B8E278E3C0E00CA590F /* LoginTextField.swift */; };
		72087B91278E3CC700CA590F /* extensions.swift in Sources */ = {isa = PBXBuildFile; fileRef = 72087B90278E3CC700CA590F /* extensions.swift */; };
		72087B95278E428D00CA590F /* UsernameChecker.swift in Sources */ = {isa = PBXBuildFile; fileRef = 72087B94278E428D00CA590F /* UsernameChecker.swift */; };
		72087B97278E429900CA590F /* PasswordChecker.swift in Sources */ = {isa = PBXBuildFile; fileRef = 72087B96278E429900CA590F /* PasswordChecker.swift */; };
		72087B9F278E4B8E00CA590F /* LoginTestingTests.swift in Sources */ = {isa = PBXBuildFile; fileRef = 72087B9E278E4B8E00CA590F /* LoginTestingTests.swift */; };
		72087BA7278E4C6E00CA590F /* PasswordCheckerTests.swift in Sources */ = {isa = PBXBuildFile; fileRef = 72087BA6278E4C6E00CA590F /* PasswordCheckerTests.swift */; };
		72087BAB278E4EE700CA590F /* UsernameCheckerTests.swift in Sources */ = {isa = PBXBuildFile; fileRef = 72087BAA278E4EE700CA590F /* UsernameCheckerTests.swift */; };
/* End PBXBuildFile section */

/* Begin PBXContainerItemProxy section */
		72087BA1278E4B8E00CA590F /* PBXContainerItemProxy */ = {
			isa = PBXContainerItemProxy;
			containerPortal = 72087B6C278E3B8A00CA590F /* Project object */;
			proxyType = 1;
			remoteGlobalIDString = 72087B73278E3B8A00CA590F;
			remoteInfo = LoginTesting;
		};
/* End PBXContainerItemProxy section */

/* Begin PBXFileReference section */
		72087B74278E3B8A00CA590F /* LoginTesting.app */ = {isa = PBXFileReference; explicitFileType = wrapper.application; includeInIndex = 0; path = LoginTesting.app; sourceTree = BUILT_PRODUCTS_DIR; };
		72087B77278E3B8A00CA590F /* AppDelegate.swift */ = {isa = PBXFileReference; lastKnownFileType = sourcecode.swift; path = AppDelegate.swift; sourceTree = "<group>"; };
		72087B79278E3B8A00CA590F /* SceneDelegate.swift */ = {isa = PBXFileReference; lastKnownFileType = sourcecode.swift; path = SceneDelegate.swift; sourceTree = "<group>"; };
		72087B7B278E3B8A00CA590F /* ViewController.swift */ = {isa = PBXFileReference; lastKnownFileType = sourcecode.swift; path = ViewController.swift; sourceTree = "<group>"; };
		72087B7E278E3B8A00CA590F /* Base */ = {isa = PBXFileReference; lastKnownFileType = file.storyboard; name = Base; path = Base.lproj/Main.storyboard; sourceTree = "<group>"; };
		72087B81278E3B8A00CA590F /* LoginTesting.xcdatamodel */ = {isa = PBXFileReference; lastKnownFileType = wrapper.xcdatamodel; path = LoginTesting.xcdatamodel; sourceTree = "<group>"; };
		72087B83278E3B8B00CA590F /* Assets.xcassets */ = {isa = PBXFileReference; lastKnownFileType = folder.assetcatalog; path = Assets.xcassets; sourceTree = "<group>"; };
		72087B86278E3B8B00CA590F /* Base */ = {isa = PBXFileReference; lastKnownFileType = file.storyboard; name = Base; path = Base.lproj/LaunchScreen.storyboard; sourceTree = "<group>"; };
		72087B88278E3B8B00CA590F /* Info.plist */ = {isa = PBXFileReference; lastKnownFileType = text.plist.xml; path = Info.plist; sourceTree = "<group>"; };
		72087B8E278E3C0E00CA590F /* LoginTextField.swift */ = {isa = PBXFileReference; lastKnownFileType = sourcecode.swift; path = LoginTextField.swift; sourceTree = "<group>"; };
		72087B90278E3CC700CA590F /* extensions.swift */ = {isa = PBXFileReference; lastKnownFileType = sourcecode.swift; path = extensions.swift; sourceTree = "<group>"; };
		72087B94278E428D00CA590F /* UsernameChecker.swift */ = {isa = PBXFileReference; lastKnownFileType = sourcecode.swift; path = UsernameChecker.swift; sourceTree = "<group>"; };
		72087B96278E429900CA590F /* PasswordChecker.swift */ = {isa = PBXFileReference; lastKnownFileType = sourcecode.swift; path = PasswordChecker.swift; sourceTree = "<group>"; };
		72087B9C278E4B8E00CA590F /* LoginTestingTests.xctest */ = {isa = PBXFileReference; explicitFileType = wrapper.cfbundle; includeInIndex = 0; path = LoginTestingTests.xctest; sourceTree = BUILT_PRODUCTS_DIR; };
		72087B9E278E4B8E00CA590F /* LoginTestingTests.swift */ = {isa = PBXFileReference; lastKnownFileType = sourcecode.swift; path = LoginTestingTests.swift; sourceTree = "<group>"; };
		72087BA0278E4B8E00CA590F /* Info.plist */ = {isa = PBXFileReference; lastKnownFileType = text.plist.xml; path = Info.plist; sourceTree = "<group>"; };
		72087BA6278E4C6E00CA590F /* PasswordCheckerTests.swift */ = {isa = PBXFileReference; lastKnownFileType = sourcecode.swift; path = PasswordCheckerTests.swift; sourceTree = "<group>"; };
		72087BAA278E4EE700CA590F /* UsernameCheckerTests.swift */ = {isa = PBXFileReference; lastKnownFileType = sourcecode.swift; path = UsernameCheckerTests.swift; sourceTree = "<group>"; };
/* End PBXFileReference section */

/* Begin PBXFrameworksBuildPhase section */
		72087B71278E3B8A00CA590F /* Frameworks */ = {
			isa = PBXFrameworksBuildPhase;
			buildActionMask = 2147483647;
			files = (
			);
			runOnlyForDeploymentPostprocessing = 0;
		};
		72087B99278E4B8E00CA590F /* Frameworks */ = {
			isa = PBXFrameworksBuildPhase;
			buildActionMask = 2147483647;
			files = (
			);
			runOnlyForDeploymentPostprocessing = 0;
		};
/* End PBXFrameworksBuildPhase section */

/* Begin PBXGroup section */
		72087B6B278E3B8A00CA590F = {
			isa = PBXGroup;
			children = (
				72087B76278E3B8A00CA590F /* LoginTesting */,
				72087B9D278E4B8E00CA590F /* LoginTestingTests */,
				72087B75278E3B8A00CA590F /* Products */,
			);
			sourceTree = "<group>";
		};
		72087B75278E3B8A00CA590F /* Products */ = {
			isa = PBXGroup;
			children = (
				72087B74278E3B8A00CA590F /* LoginTesting.app */,
				72087B9C278E4B8E00CA590F /* LoginTestingTests.xctest */,
			);
			name = Products;
			sourceTree = "<group>";
		};
		72087B76278E3B8A00CA590F /* LoginTesting */ = {
			isa = PBXGroup;
			children = (
				72087B77278E3B8A00CA590F /* AppDelegate.swift */,
				72087B79278E3B8A00CA590F /* SceneDelegate.swift */,
				72087B7D278E3B8A00CA590F /* Main.storyboard */,
				72087B83278E3B8B00CA590F /* Assets.xcassets */,
				72087B85278E3B8B00CA590F /* LaunchScreen.storyboard */,
				72087B88278E3B8B00CA590F /* Info.plist */,
				72087B80278E3B8A00CA590F /* LoginTesting.xcdatamodeld */,
				72087B7B278E3B8A00CA590F /* ViewController.swift */,
				72087B8E278E3C0E00CA590F /* LoginTextField.swift */,
				72087B90278E3CC700CA590F /* extensions.swift */,
				72087B94278E428D00CA590F /* UsernameChecker.swift */,
				72087B96278E429900CA590F /* PasswordChecker.swift */,
			);
			path = LoginTesting;
			sourceTree = "<group>";
		};
		72087B9D278E4B8E00CA590F /* LoginTestingTests */ = {
			isa = PBXGroup;
			children = (
				72087B9E278E4B8E00CA590F /* LoginTestingTests.swift */,
				72087BA0278E4B8E00CA590F /* Info.plist */,
				72087BA6278E4C6E00CA590F /* PasswordCheckerTests.swift */,
				72087BAA278E4EE700CA590F /* UsernameCheckerTests.swift */,
			);
			path = LoginTestingTests;
			sourceTree = "<group>";
		};
/* End PBXGroup section */

/* Begin PBXNativeTarget section */
		72087B73278E3B8A00CA590F /* LoginTesting */ = {
			isa = PBXNativeTarget;
			buildConfigurationList = 72087B8B278E3B8B00CA590F /* Build configuration list for PBXNativeTarget "LoginTesting" */;
			buildPhases = (
				72087B70278E3B8A00CA590F /* Sources */,
				72087B71278E3B8A00CA590F /* Frameworks */,
				72087B72278E3B8A00CA590F /* Resources */,
			);
			buildRules = (
			);
			dependencies = (
			);
			name = LoginTesting;
			productName = LoginTesting;
			productReference = 72087B74278E3B8A00CA590F /* LoginTesting.app */;
			productType = "com.apple.product-type.application";
		};
		72087B9B278E4B8E00CA590F /* LoginTestingTests */ = {
			isa = PBXNativeTarget;
			buildConfigurationList = 72087BA3278E4B8E00CA590F /* Build configuration list for PBXNativeTarget "LoginTestingTests" */;
			buildPhases = (
				72087B98278E4B8E00CA590F /* Sources */,
				72087B99278E4B8E00CA590F /* Frameworks */,
				72087B9A278E4B8E00CA590F /* Resources */,
			);
			buildRules = (
			);
			dependencies = (
				72087BA2278E4B8E00CA590F /* PBXTargetDependency */,
			);
			name = LoginTestingTests;
			productName = LoginTestingTests;
			productReference = 72087B9C278E4B8E00CA590F /* LoginTestingTests.xctest */;
			productType = "com.apple.product-type.bundle.unit-test";
		};
/* End PBXNativeTarget section */

/* Begin PBXProject section */
		72087B6C278E3B8A00CA590F /* Project object */ = {
			isa = PBXProject;
			attributes = {
				LastSwiftUpdateCheck = 1250;
				LastUpgradeCheck = 1250;
				TargetAttributes = {
					72087B73278E3B8A00CA590F = {
						CreatedOnToolsVersion = 12.5.1;
					};
					72087B9B278E4B8E00CA590F = {
						CreatedOnToolsVersion = 12.5.1;
						TestTargetID = 72087B73278E3B8A00CA590F;
					};
				};
			};
			buildConfigurationList = 72087B6F278E3B8A00CA590F /* Build configuration list for PBXProject "LoginTesting" */;
			compatibilityVersion = "Xcode 9.3";
			developmentRegion = en;
			hasScannedForEncodings = 0;
			knownRegions = (
				en,
				Base,
			);
			mainGroup = 72087B6B278E3B8A00CA590F;
			productRefGroup = 72087B75278E3B8A00CA590F /* Products */;
			projectDirPath = "";
			projectRoot = "";
			targets = (
				72087B73278E3B8A00CA590F /* LoginTesting */,
				72087B9B278E4B8E00CA590F /* LoginTestingTests */,
			);
		};
/* End PBXProject section */

/* Begin PBXResourcesBuildPhase section */
		72087B72278E3B8A00CA590F /* Resources */ = {
			isa = PBXResourcesBuildPhase;
			buildActionMask = 2147483647;
			files = (
				72087B87278E3B8B00CA590F /* LaunchScreen.storyboard in Resources */,
				72087B84278E3B8B00CA590F /* Assets.xcassets in Resources */,
				72087B7F278E3B8A00CA590F /* Main.storyboard in Resources */,
			);
			runOnlyForDeploymentPostprocessing = 0;
		};
		72087B9A278E4B8E00CA590F /* Resources */ = {
			isa = PBXResourcesBuildPhase;
			buildActionMask = 2147483647;
			files = (
			);
			runOnlyForDeploymentPostprocessing = 0;
		};
/* End PBXResourcesBuildPhase section */

/* Begin PBXSourcesBuildPhase section */
		72087B70278E3B8A00CA590F /* Sources */ = {
			isa = PBXSourcesBuildPhase;
			buildActionMask = 2147483647;
			files = (
				72087B97278E429900CA590F /* PasswordChecker.swift in Sources */,
				72087B82278E3B8A00CA590F /* LoginTesting.xcdatamodeld in Sources */,
				72087B7C278E3B8A00CA590F /* ViewController.swift in Sources */,
				72087B78278E3B8A00CA590F /* AppDelegate.swift in Sources */,
				72087B95278E428D00CA590F /* UsernameChecker.swift in Sources */,
				72087B7A278E3B8A00CA590F /* SceneDelegate.swift in Sources */,
				72087B8F278E3C0E00CA590F /* LoginTextField.swift in Sources */,
				72087B91278E3CC700CA590F /* extensions.swift in Sources */,
			);
			runOnlyForDeploymentPostprocessing = 0;
		};
		72087B98278E4B8E00CA590F /* Sources */ = {
			isa = PBXSourcesBuildPhase;
			buildActionMask = 2147483647;
			files = (
				72087BA7278E4C6E00CA590F /* PasswordCheckerTests.swift in Sources */,
				72087BAB278E4EE700CA590F /* UsernameCheckerTests.swift in Sources */,
				72087B9F278E4B8E00CA590F /* LoginTestingTests.swift in Sources */,
			);
			runOnlyForDeploymentPostprocessing = 0;
		};
/* End PBXSourcesBuildPhase section */

/* Begin PBXTargetDependency section */
		72087BA2278E4B8E00CA590F /* PBXTargetDependency */ = {
			isa = PBXTargetDependency;
			target = 72087B73278E3B8A00CA590F /* LoginTesting */;
			targetProxy = 72087BA1278E4B8E00CA590F /* PBXContainerItemProxy */;
		};
/* End PBXTargetDependency section */

/* Begin PBXVariantGroup section */
		72087B7D278E3B8A00CA590F /* Main.storyboard */ = {
			isa = PBXVariantGroup;
			children = (
				72087B7E278E3B8A00CA590F /* Base */,
			);
			name = Main.storyboard;
			sourceTree = "<group>";
		};
		72087B85278E3B8B00CA590F /* LaunchScreen.storyboard */ = {
			isa = PBXVariantGroup;
			children = (
				72087B86278E3B8B00CA590F /* Base */,
			);
			name = LaunchScreen.storyboard;
			sourceTree = "<group>";
		};
/* End PBXVariantGroup section */

/* Begin XCBuildConfiguration section */
		72087B89278E3B8B00CA590F /* Debug */ = {
			isa = XCBuildConfiguration;
			buildSettings = {
				ALWAYS_SEARCH_USER_PATHS = NO;
				CLANG_ANALYZER_NONNULL = YES;
				CLANG_ANALYZER_NUMBER_OBJECT_CONVERSION = YES_AGGRESSIVE;
				CLANG_CXX_LANGUAGE_STANDARD = "gnu++14";
				CLANG_CXX_LIBRARY = "libc++";
				CLANG_ENABLE_MODULES = YES;
				CLANG_ENABLE_OBJC_ARC = YES;
				CLANG_ENABLE_OBJC_WEAK = YES;
				CLANG_WARN_BLOCK_CAPTURE_AUTORELEASING = YES;
				CLANG_WARN_BOOL_CONVERSION = YES;
				CLANG_WARN_COMMA = YES;
				CLANG_WARN_CONSTANT_CONVERSION = YES;
				CLANG_WARN_DEPRECATED_OBJC_IMPLEMENTATIONS = YES;
				CLANG_WARN_DIRECT_OBJC_ISA_USAGE = YES_ERROR;
				CLANG_WARN_DOCUMENTATION_COMMENTS = YES;
				CLANG_WARN_EMPTY_BODY = YES;
				CLANG_WARN_ENUM_CONVERSION = YES;
				CLANG_WARN_INFINITE_RECURSION = YES;
				CLANG_WARN_INT_CONVERSION = YES;
				CLANG_WARN_NON_LITERAL_NULL_CONVERSION = YES;
				CLANG_WARN_OBJC_IMPLICIT_RETAIN_SELF = YES;
				CLANG_WARN_OBJC_LITERAL_CONVERSION = YES;
				CLANG_WARN_OBJC_ROOT_CLASS = YES_ERROR;
				CLANG_WARN_QUOTED_INCLUDE_IN_FRAMEWORK_HEADER = YES;
				CLANG_WARN_RANGE_LOOP_ANALYSIS = YES;
				CLANG_WARN_STRICT_PROTOTYPES = YES;
				CLANG_WARN_SUSPICIOUS_MOVE = YES;
				CLANG_WARN_UNGUARDED_AVAILABILITY = YES_AGGRESSIVE;
				CLANG_WARN_UNREACHABLE_CODE = YES;
				CLANG_WARN__DUPLICATE_METHOD_MATCH = YES;
				COPY_PHASE_STRIP = NO;
				DEBUG_INFORMATION_FORMAT = dwarf;
				ENABLE_STRICT_OBJC_MSGSEND = YES;
				ENABLE_TESTABILITY = YES;
				GCC_C_LANGUAGE_STANDARD = gnu11;
				GCC_DYNAMIC_NO_PIC = NO;
				GCC_NO_COMMON_BLOCKS = YES;
				GCC_OPTIMIZATION_LEVEL = 0;
				GCC_PREPROCESSOR_DEFINITIONS = (
					"DEBUG=1",
					"$(inherited)",
				);
				GCC_WARN_64_TO_32_BIT_CONVERSION = YES;
				GCC_WARN_ABOUT_RETURN_TYPE = YES_ERROR;
				GCC_WARN_UNDECLARED_SELECTOR = YES;
				GCC_WARN_UNINITIALIZED_AUTOS = YES_AGGRESSIVE;
				GCC_WARN_UNUSED_FUNCTION = YES;
				GCC_WARN_UNUSED_VARIABLE = YES;
				IPHONEOS_DEPLOYMENT_TARGET = 14.5;
				MTL_ENABLE_DEBUG_INFO = INCLUDE_SOURCE;
				MTL_FAST_MATH = YES;
				ONLY_ACTIVE_ARCH = YES;
				SDKROOT = iphoneos;
				SWIFT_ACTIVE_COMPILATION_CONDITIONS = DEBUG;
				SWIFT_OPTIMIZATION_LEVEL = "-Onone";
			};
			name = Debug;
		};
		72087B8A278E3B8B00CA590F /* Release */ = {
			isa = XCBuildConfiguration;
			buildSettings = {
				ALWAYS_SEARCH_USER_PATHS = NO;
				CLANG_ANALYZER_NONNULL = YES;
				CLANG_ANALYZER_NUMBER_OBJECT_CONVERSION = YES_AGGRESSIVE;
				CLANG_CXX_LANGUAGE_STANDARD = "gnu++14";
				CLANG_CXX_LIBRARY = "libc++";
				CLANG_ENABLE_MODULES = YES;
				CLANG_ENABLE_OBJC_ARC = YES;
				CLANG_ENABLE_OBJC_WEAK = YES;
				CLANG_WARN_BLOCK_CAPTURE_AUTORELEASING = YES;
				CLANG_WARN_BOOL_CONVERSION = YES;
				CLANG_WARN_COMMA = YES;
				CLANG_WARN_CONSTANT_CONVERSION = YES;
				CLANG_WARN_DEPRECATED_OBJC_IMPLEMENTATIONS = YES;
				CLANG_WARN_DIRECT_OBJC_ISA_USAGE = YES_ERROR;
				CLANG_WARN_DOCUMENTATION_COMMENTS = YES;
				CLANG_WARN_EMPTY_BODY = YES;
				CLANG_WARN_ENUM_CONVERSION = YES;
				CLANG_WARN_INFINITE_RECURSION = YES;
				CLANG_WARN_INT_CONVERSION = YES;
				CLANG_WARN_NON_LITERAL_NULL_CONVERSION = YES;
				CLANG_WARN_OBJC_IMPLICIT_RETAIN_SELF = YES;
				CLANG_WARN_OBJC_LITERAL_CONVERSION = YES;
				CLANG_WARN_OBJC_ROOT_CLASS = YES_ERROR;
				CLANG_WARN_QUOTED_INCLUDE_IN_FRAMEWORK_HEADER = YES;
				CLANG_WARN_RANGE_LOOP_ANALYSIS = YES;
				CLANG_WARN_STRICT_PROTOTYPES = YES;
				CLANG_WARN_SUSPICIOUS_MOVE = YES;
				CLANG_WARN_UNGUARDED_AVAILABILITY = YES_AGGRESSIVE;
				CLANG_WARN_UNREACHABLE_CODE = YES;
				CLANG_WARN__DUPLICATE_METHOD_MATCH = YES;
				COPY_PHASE_STRIP = NO;
				DEBUG_INFORMATION_FORMAT = "dwarf-with-dsym";
				ENABLE_NS_ASSERTIONS = NO;
				ENABLE_STRICT_OBJC_MSGSEND = YES;
				GCC_C_LANGUAGE_STANDARD = gnu11;
				GCC_NO_COMMON_BLOCKS = YES;
				GCC_WARN_64_TO_32_BIT_CONVERSION = YES;
				GCC_WARN_ABOUT_RETURN_TYPE = YES_ERROR;
				GCC_WARN_UNDECLARED_SELECTOR = YES;
				GCC_WARN_UNINITIALIZED_AUTOS = YES_AGGRESSIVE;
				GCC_WARN_UNUSED_FUNCTION = YES;
				GCC_WARN_UNUSED_VARIABLE = YES;
				IPHONEOS_DEPLOYMENT_TARGET = 14.5;
				MTL_ENABLE_DEBUG_INFO = NO;
				MTL_FAST_MATH = YES;
				SDKROOT = iphoneos;
				SWIFT_COMPILATION_MODE = wholemodule;
				SWIFT_OPTIMIZATION_LEVEL = "-O";
				VALIDATE_PRODUCT = YES;
			};
			name = Release;
		};
		72087B8C278E3B8B00CA590F /* Debug */ = {
			isa = XCBuildConfiguration;
			buildSettings = {
				ASSETCATALOG_COMPILER_APPICON_NAME = AppIcon;
				ASSETCATALOG_COMPILER_GLOBAL_ACCENT_COLOR_NAME = AccentColor;
				CODE_SIGN_STYLE = Automatic;
				DEVELOPMENT_TEAM = A9GZA44T6J;
				INFOPLIST_FILE = LoginTesting/Info.plist;
				LD_RUNPATH_SEARCH_PATHS = (
					"$(inherited)",
					"@executable_path/Frameworks",
				);
				PRODUCT_BUNDLE_IDENTIFIER = "com.jkbartley25-yahoo.LoginTesting";
				PRODUCT_NAME = "$(TARGET_NAME)";
				SWIFT_VERSION = 5.0;
				TARGETED_DEVICE_FAMILY = "1,2";
			};
			name = Debug;
		};
		72087B8D278E3B8B00CA590F /* Release */ = {
			isa = XCBuildConfiguration;
			buildSettings = {
				ASSETCATALOG_COMPILER_APPICON_NAME = AppIcon;
				ASSETCATALOG_COMPILER_GLOBAL_ACCENT_COLOR_NAME = AccentColor;
				CODE_SIGN_STYLE = Automatic;
				DEVELOPMENT_TEAM = A9GZA44T6J;
				INFOPLIST_FILE = LoginTesting/Info.plist;
				LD_RUNPATH_SEARCH_PATHS = (
					"$(inherited)",
					"@executable_path/Frameworks",
				);
				PRODUCT_BUNDLE_IDENTIFIER = "com.jkbartley25-yahoo.LoginTesting";
				PRODUCT_NAME = "$(TARGET_NAME)";
				SWIFT_VERSION = 5.0;
				TARGETED_DEVICE_FAMILY = "1,2";
			};
			name = Release;
		};
		72087BA4278E4B8E00CA590F /* Debug */ = {
			isa = XCBuildConfiguration;
			buildSettings = {
				BUNDLE_LOADER = "$(TEST_HOST)";
				CODE_SIGN_STYLE = Automatic;
				DEVELOPMENT_TEAM = A9GZA44T6J;
				INFOPLIST_FILE = LoginTestingTests/Info.plist;
				LD_RUNPATH_SEARCH_PATHS = (
					"$(inherited)",
					"@executable_path/Frameworks",
					"@loader_path/Frameworks",
				);
				PRODUCT_BUNDLE_IDENTIFIER = "com.jkbartley25-yahoo.LoginTestingTests";
				PRODUCT_NAME = "$(TARGET_NAME)";
				SWIFT_VERSION = 5.0;
				TARGETED_DEVICE_FAMILY = "1,2";
				TEST_HOST = "$(BUILT_PRODUCTS_DIR)/LoginTesting.app/LoginTesting";
			};
			name = Debug;
		};
		72087BA5278E4B8E00CA590F /* Release */ = {
			isa = XCBuildConfiguration;
			buildSettings = {
				BUNDLE_LOADER = "$(TEST_HOST)";
				CODE_SIGN_STYLE = Automatic;
				DEVELOPMENT_TEAM = A9GZA44T6J;
				INFOPLIST_FILE = LoginTestingTests/Info.plist;
				LD_RUNPATH_SEARCH_PATHS = (
					"$(inherited)",
					"@executable_path/Frameworks",
					"@loader_path/Frameworks",
				);
				PRODUCT_BUNDLE_IDENTIFIER = "com.jkbartley25-yahoo.LoginTestingTests";
				PRODUCT_NAME = "$(TARGET_NAME)";
				SWIFT_VERSION = 5.0;
				TARGETED_DEVICE_FAMILY = "1,2";
				TEST_HOST = "$(BUILT_PRODUCTS_DIR)/LoginTesting.app/LoginTesting";
			};
			name = Release;
		};
/* End XCBuildConfiguration section */

/* Begin XCConfigurationList section */
		72087B6F278E3B8A00CA590F /* Build configuration list for PBXProject "LoginTesting" */ = {
			isa = XCConfigurationList;
			buildConfigurations = (
				72087B89278E3B8B00CA590F /* Debug */,
				72087B8A278E3B8B00CA590F /* Release */,
			);
			defaultConfigurationIsVisible = 0;
			defaultConfigurationName = Release;
		};
		72087B8B278E3B8B00CA590F /* Build configuration list for PBXNativeTarget "LoginTesting" */ = {
			isa = XCConfigurationList;
			buildConfigurations = (
				72087B8C278E3B8B00CA590F /* Debug */,
				72087B8D278E3B8B00CA590F /* Release */,
			);
			defaultConfigurationIsVisible = 0;
			defaultConfigurationName = Release;
		};
		72087BA3278E4B8E00CA590F /* Build configuration list for PBXNativeTarget "LoginTestingTests" */ = {
			isa = XCConfigurationList;
			buildConfigurations = (
				72087BA4278E4B8E00CA590F /* Debug */,
				72087BA5278E4B8E00CA590F /* Release */,
			);
			defaultConfigurationIsVisible = 0;
			defaultConfigurationName = Release;
		};
/* End XCConfigurationList section */

/* Begin XCVersionGroup section */
		72087B80278E3B8A00CA590F /* LoginTesting.xcdatamodeld */ = {
			isa = XCVersionGroup;
			children = (
				72087B81278E3B8A00CA590F /* LoginTesting.xcdatamodel */,
			);
			currentVersion = 72087B81278E3B8A00CA590F /* LoginTesting.xcdatamodel */;
			path = LoginTesting.xcdatamodeld;
			sourceTree = "<group>";
			versionGroupType = wrapper.xcdatamodel;
		};
/* End XCVersionGroup section */
	};
	rootObject = 72087B6C278E3B8A00CA590F /* Project object */;
}
